
Microsoft Visual Studio Solution File, Format Version 12.00
Project("{FAE04EC0-301F-11D3-BF4B-00C04F79EFBC}") = "Dunmurry.WinterLeague.Web", "Dunmurry.WinterLeague.Web\Dunmurry.WinterLeague.Web.csproj", "{4F534E8B-FFE0-44BB-BDA4-07A1878FBAFB}"
EndProject
Project("{FAE04EC0-301F-11D3-BF4B-00C04F79EFBC}") = "Dunmurry.WinterLeague.Api", "Dunmurry.WinterLeague.Api\Dunmurry.WinterLeague.Api.csproj", "{287CABB8-E5E5-4659-AAF9-0E33793B40BD}"
EndProject
Global
	GlobalSection(SolutionConfigurationPlatforms) = preSolution
		Debug|Any CPU = Debug|Any CPU
		Debug|x64 = Debug|x64
		Debug|x86 = Debug|x86
		Release|Any CPU = Release|Any CPU
		Release|x64 = Release|x64
		Release|x86 = Release|x86
	EndGlobalSection
	GlobalSection(ProjectConfigurationPlatforms) = postSolution
		{4F534E8B-FFE0-44BB-BDA4-07A1878FBAFB}.Debug|Any CPU.ActiveCfg = Debug|Any CPU
		{4F534E8B-FFE0-44BB-BDA4-07A1878FBAFB}.Debug|Any CPU.Build.0 = Debug|Any CPU
		{4F534E8B-FFE0-44BB-BDA4-07A1878FBAFB}.Debug|x64.ActiveCfg = Debug|Any CPU
		{4F534E8B-FFE0-44BB-BDA4-07A1878FBAFB}.Debug|x64.Build.0 = Debug|Any CPU
		{4F534E8B-FFE0-44BB-BDA4-07A1878FBAFB}.Debug|x86.ActiveCfg = Debug|Any CPU
		{4F534E8B-FFE0-44BB-BDA4-07A1878FBAFB}.Debug|x86.Build.0 = Debug|Any CPU
		{4F534E8B-FFE0-44BB-BDA4-07A1878FBAFB}.Release|Any CPU.ActiveCfg = Release|Any CPU
		{4F534E8B-FFE0-44BB-BDA4-07A1878FBAFB}.Release|Any CPU.Build.0 = Release|Any CPU
		{4F534E8B-FFE0-44BB-BDA4-07A1878FBAFB}.Release|x64.ActiveCfg = Release|Any CPU
		{4F534E8B-FFE0-44BB-BDA4-07A1878FBAFB}.Release|x64.Build.0 = Release|Any CPU
		{4F534E8B-FFE0-44BB-BDA4-07A1878FBAFB}.Release|x86.ActiveCfg = Release|Any CPU
		{4F534E8B-FFE0-44BB-BDA4-07A1878FBAFB}.Release|x86.Build.0 = Release|Any CPU
		{287CABB8-E5E5-4659-AAF9-0E33793B40BD}.Debug|Any CPU.ActiveCfg = Debug|Any CPU
		{287CABB8-E5E5-4659-AAF9-0E33793B40BD}.Debug|Any CPU.Build.0 = Debug|Any CPU
		{287CABB8-E5E5-4659-AAF9-0E33793B40BD}.Debug|x64.ActiveCfg = Debug|Any CPU
		{287CABB8-E5E5-4659-AAF9-0E33793B40BD}.Debug|x64.Build.0 = Debug|Any CPU
		{287CABB8-E5E5-4659-AAF9-0E33793B40BD}.Debug|x86.ActiveCfg = Debug|Any CPU
		{287CABB8-E5E5-4659-AAF9-0E33793B40BD}.Debug|x86.Build.0 = Debug|Any CPU
		{287CABB8-E5E5-4659-AAF9-0E33793B40BD}.Release|Any CPU.ActiveCfg = Release|Any CPU
		{287CABB8-E5E5-4659-AAF9-0E33793B40BD}.Release|Any CPU.Build.0 = Release|Any CPU
		{287CABB8-E5E5-4659-AAF9-0E33793B40BD}.Release|x64.ActiveCfg = Release|Any CPU
		{287CABB8-E5E5-4659-AAF9-0E33793B40BD}.Release|x64.Build.0 = Release|Any CPU
		{287CABB8-E5E5-4659-AAF9-0E33793B40BD}.Release|x86.ActiveCfg = Release|Any CPU
		{287CABB8-E5E5-4659-AAF9-0E33793B40BD}.Release|x86.Build.0 = Release|Any CPU
	EndGlobalSection
	GlobalSection(SolutionProperties) = preSolution
		HideSolutionNode = FALSE
	EndGlobalSection
EndGlobal
